# This file is generated by running "yarn install" inside your project.
# Manual changes might be lost - proceed with caution!

__metadata:
  version: 8
  cacheKey: 10c0

"a@workspace:workspaces/a":
  version: 0.0.0-use.local
  resolution: "a@workspace:workspaces/a"
  dependencies:
    buffer: "npm:buffer@6.0.3"
    turbo: "npm:^2.0.12"
  languageName: unknown
  linkType: soft

"buffer@npm:buffer@6.0.3, buffer@workspace:workspaces/buffer":
  version: 0.0.0-use.local
  resolution: "buffer@workspace:workspaces/buffer"
  languageName: unknown
  linkType: soft

"turbo-darwin-64@npm:2.0.12":
  version: 2.0.12
  resolution: "turbo-darwin-64@npm:2.0.12"
  conditions: os=darwin & cpu=x64
  languageName: node
  linkType: hard

"turbo-darwin-arm64@npm:2.0.12":
  version: 2.0.12
  resolution: "turbo-darwin-arm64@npm:2.0.12"
  conditions: os=darwin & cpu=arm64
  languageName: node
  linkType: hard

"turbo-linux-64@npm:2.0.12":
  version: 2.0.12
  resolution: "turbo-linux-64@npm:2.0.12"
  conditions: os=linux & cpu=x64
  languageName: node
  linkType: hard

"turbo-linux-arm64@npm:2.0.12":
  version: 2.0.12
  resolution: "turbo-linux-arm64@npm:2.0.12"
  conditions: os=linux & cpu=arm64
  languageName: node
  linkType: hard

"turbo-windows-64@npm:2.0.12":
  version: 2.0.12
  resolution: "turbo-windows-64@npm:2.0.12"
  conditions: os=win32 & cpu=x64
  languageName: node
  linkType: hard

"turbo-windows-arm64@npm:2.0.12":
  version: 2.0.12
  resolution: "turbo-windows-arm64@npm:2.0.12"
  conditions: os=win32 & cpu=arm64
  languageName: node
  linkType: hard

"turbo@npm:^2.0.12":
  version: 2.0.12
  resolution: "turbo@npm:2.0.12"
  dependencies:
    turbo-darwin-64: "npm:2.0.12"
    turbo-darwin-arm64: "npm:2.0.12"
    turbo-linux-64: "npm:2.0.12"
    turbo-linux-arm64: "npm:2.0.12"
    turbo-windows-64: "npm:2.0.12"
    turbo-windows-arm64: "npm:2.0.12"
  dependenciesMeta:
    turbo-darwin-64:
      optional: true
    turbo-darwin-arm64:
      optional: true
    turbo-linux-64:
      optional: true
    turbo-linux-arm64:
      optional: true
    turbo-windows-64:
      optional: true
    turbo-windows-arm64:
      optional: true
  bin:
    turbo: bin/turbo
  checksum: 10c0/2a6d90897cc2f49e745e389d044278d56a3579cfafaacb9a1ec41a5c4ed41d5f2560254d732a146c3e39ff18c3a79a46ae3153fab4ad85d9fbf59eb0fa0c0719
  languageName: node
  linkType: hard

"turborepo-reproduction@workspace:.":
  version: 0.0.0-use.local
  resolution: "turborepo-reproduction@workspace:."
  dependencies:
    turbo: "npm:^2.0.12"
  languageName: unknown
  linkType: soft
